
Microsoft Visual Studio Solution File, Format Version 12.00
# Visual Studio Version 18
VisualStudioVersion = 18.4.11626.88
MinimumVisualStudioVersion = 10.0.40219.1
Project("{2150E333-8FDC-42A3-9474-1A3956D46DE8}") = "Application", "Application", "{16CE5F27-2D9F-4714-A727-B05622C9C5B4}"
EndProject
Project("{2150E333-8FDC-42A3-9474-1A3956D46DE8}") = "Domain", "Domain", "{CA4ABCF3-87BF-454A-A332-8D5FA1DC51E7}"
EndProject
Project("{2150E333-8FDC-42A3-9474-1A3956D46DE8}") = "_Apps", "_Apps", "{2E1945CA-C43A-471E-9DDC-C9DDF15B450D}"
EndProject
Project("{9A19103F-16F7-4668-BE54-9A1E7A4F7556}") = "TradeX.Domain", "Domain\TradeX.Domain\TradeX.Domain.csproj", "{7944AF15-F771-4C76-96A8-F15322D5B75A}"
EndProject
Project("{9A19103F-16F7-4668-BE54-9A1E7A4F7556}") = "TradeX.Application.Clients", "Application\TradeX.Application\TradeX.Application.Clients.csproj", "{F9094C68-5B4C-4D17-BC89-1CEF6B675896}"
EndProject
Project("{9A19103F-16F7-4668-BE54-9A1E7A4F7556}") = "TradeX.Application.Abstractions", "Application\TradeX.Application.Abstractions\TradeX.Application.Abstractions.csproj", "{642D5DE2-A4B3-4252-ADC6-EE54FC728083}"
EndProject
Project("{2150E333-8FDC-42A3-9474-1A3956D46DE8}") = "Repository", "Repository", "{02EA681E-C7D8-13C7-8484-4AC65E1B71E8}"
EndProject
Project("{FAE04EC0-301F-11D3-BF4B-00C04F79EFBC}") = "TradeX.Repository", "Repository\TradeX.Repository\TradeX.Repository.csproj", "{3979C456-546A-4646-AD7C-6FACD4AA767B}"
EndProject
Project("{FAE04EC0-301F-11D3-BF4B-00C04F79EFBC}") = "TradeX.Domain.Abstractions", "Domain\TradeX.Domain.Abstractions\TradeX.Domain.Abstractions.csproj", "{6D32E3A4-AD10-4150-98FB-0D19A8EA7729}"
EndProject
Project("{FAE04EC0-301F-11D3-BF4B-00C04F79EFBC}") = "TradeX.Repository.Executor", "Repository\TradeX.Repository.Executor\TradeX.Repository.Executor.csproj", "{0BBBFD50-DEEF-4857-A532-91F26A76E1A3}"
EndProject
Project("{2150E333-8FDC-42A3-9474-1A3956D46DE8}") = "Solution Items", "Solution Items", "{8EC462FD-D22E-90A8-E5CE-7E832BA40C5D}"
	ProjectSection(SolutionItems) = preProject
		.editorconfig = .editorconfig
		README.md = README.md
		Sql\Seed.sql = Sql\Seed.sql
	EndProjectSection
EndProject
Project("{FAE04EC0-301F-11D3-BF4B-00C04F79EFBC}") = "TradeX.Repository.Abstractions", "Repository\TradeX.Repository.Abstractions\TradeX.Repository.Abstractions.csproj", "{2B517604-4DAF-43C6-99A5-FB0DA77B9C49}"
EndProject
Project("{2150E333-8FDC-42A3-9474-1A3956D46DE8}") = "Tests", "Tests", "{035C74F6-2EFB-44C1-9438-C93C7233159E}"
EndProject
Project("{2150E333-8FDC-42A3-9474-1A3956D46DE8}") = "Infrastructure", "Infrastructure", "{F34BD506-FBE5-44AE-96F5-2A97537423CB}"
EndProject
Project("{FAE04EC0-301F-11D3-BF4B-00C04F79EFBC}") = "TradeX.Infrastrucure.JwtAuthorization", "Infrastructure\TradeX.Infrastrucure.JwtAuthorization\TradeX.Infrastrucure.JwtAuthorization.csproj", "{484A2A96-A204-4909-9288-3EC8BEA92B35}"
EndProject
Project("{FAE04EC0-301F-11D3-BF4B-00C04F79EFBC}") = "TradeX.API", "_Apps\TradeX.API\TradeX.API.csproj", "{E961888A-166F-F57B-0FF8-FC61949B3CFC}"
EndProject
Project("{2150E333-8FDC-42A3-9474-1A3956D46DE8}") = "Common", "Common", "{11E75F6D-8FD0-4B8F-8E28-724B99373617}"
EndProject
Project("{FAE04EC0-301F-11D3-BF4B-00C04F79EFBC}") = "API.Abstractions", "Common\API.Abstractions\API.Abstractions.csproj", "{B5CF93A0-4F0C-526F-7BEA-F0CDBCAC1294}"
EndProject
Project("{FAE04EC0-301F-11D3-BF4B-00C04F79EFBC}") = "TradeX.Application.Clients.Tests", "Tests\TradeX.Application.Clients.Tests\TradeX.Application.Clients.Tests.csproj", "{94FEF6E4-4570-2B56-5C4C-E9B3F5C57C6E}"
EndProject
Project("{FAE04EC0-301F-11D3-BF4B-00C04F79EFBC}") = "TradeX.Infrastructure.BlobStorageClient", "Infrastructure\TradeX.Infrastructure.BlobStorageClient\TradeX.Infrastructure.BlobStorageClient.csproj", "{FE3D4FDA-0109-4139-8B23-DEB058046A58}"
EndProject
Project("{FAE04EC0-301F-11D3-BF4B-00C04F79EFBC}") = "TradeX.Infrastructure.LotCalculator", "Infrastructure\TradeX.Infrastructure.LotCalculator\TradeX.Infrastructure.LotCalculator.csproj", "{217ABB9D-3CE7-44C1-ADDE-C6F30E8F0595}"
EndProject
Project("{FAE04EC0-301F-11D3-BF4B-00C04F79EFBC}") = "TradeX.Infrastructure.EconomicCalendar", "Infrastructure\TradeX.Infrastructure.EconomicCalendar\TradeX.Infrastructure.EconomicCalendar.csproj", "{C84FCF1B-AC19-41CF-92CA-C74F2481ED56}"
Project("{FAE04EC0-301F-11D3-BF4B-00C04F79EFBC}") = "TradeX.Infrastructure.MachineLearning", "Infrastructure\TradeX.Infrastructure.MachineLearning\TradeX.Infrastructure.MachineLearning.csproj", "{75DED962-AD4B-4643-9CF0-07293C4E1B29}"
EndProject
Project("{2150E333-8FDC-42A3-9474-1A3956D46DE8}") = "TradeX.Application", "TradeX.Application", "{D74E9147-D3AB-1CEB-0D1C-A189A8C0BB0C}"
EndProject
Global
	GlobalSection(SolutionConfigurationPlatforms) = preSolution
		Debug|Any CPU = Debug|Any CPU
		Debug|x64 = Debug|x64
		Debug|x86 = Debug|x86
		Release|Any CPU = Release|Any CPU
		Release|x64 = Release|x64
		Release|x86 = Release|x86
	EndGlobalSection
	GlobalSection(ProjectConfigurationPlatforms) = postSolution
		{7944AF15-F771-4C76-96A8-F15322D5B75A}.Debug|Any CPU.ActiveCfg = Debug|Any CPU
		{7944AF15-F771-4C76-96A8-F15322D5B75A}.Debug|Any CPU.Build.0 = Debug|Any CPU
		{7944AF15-F771-4C76-96A8-F15322D5B75A}.Debug|x64.ActiveCfg = Debug|Any CPU
		{7944AF15-F771-4C76-96A8-F15322D5B75A}.Debug|x64.Build.0 = Debug|Any CPU
		{7944AF15-F771-4C76-96A8-F15322D5B75A}.Debug|x86.ActiveCfg = Debug|Any CPU
		{7944AF15-F771-4C76-96A8-F15322D5B75A}.Debug|x86.Build.0 = Debug|Any CPU
		{7944AF15-F771-4C76-96A8-F15322D5B75A}.Release|Any CPU.ActiveCfg = Release|Any CPU
		{7944AF15-F771-4C76-96A8-F15322D5B75A}.Release|Any CPU.Build.0 = Release|Any CPU
		{7944AF15-F771-4C76-96A8-F15322D5B75A}.Release|x64.ActiveCfg = Release|Any CPU
		{7944AF15-F771-4C76-96A8-F15322D5B75A}.Release|x64.Build.0 = Release|Any CPU
		{7944AF15-F771-4C76-96A8-F15322D5B75A}.Release|x86.ActiveCfg = Release|Any CPU
		{7944AF15-F771-4C76-96A8-F15322D5B75A}.Release|x86.Build.0 = Release|Any CPU
		{F9094C68-5B4C-4D17-BC89-1CEF6B675896}.Debug|Any CPU.ActiveCfg = Debug|Any CPU
		{F9094C68-5B4C-4D17-BC89-1CEF6B675896}.Debug|Any CPU.Build.0 = Debug|Any CPU
		{F9094C68-5B4C-4D17-BC89-1CEF6B675896}.Debug|x64.ActiveCfg = Debug|Any CPU
		{F9094C68-5B4C-4D17-BC89-1CEF6B675896}.Debug|x64.Build.0 = Debug|Any CPU
		{F9094C68-5B4C-4D17-BC89-1CEF6B675896}.Debug|x86.ActiveCfg = Debug|Any CPU
		{F9094C68-5B4C-4D17-BC89-1CEF6B675896}.Debug|x86.Build.0 = Debug|Any CPU
		{F9094C68-5B4C-4D17-BC89-1CEF6B675896}.Release|Any CPU.ActiveCfg = Release|Any CPU
		{F9094C68-5B4C-4D17-BC89-1CEF6B675896}.Release|Any CPU.Build.0 = Release|Any CPU
		{F9094C68-5B4C-4D17-BC89-1CEF6B675896}.Release|x64.ActiveCfg = Release|Any CPU
		{F9094C68-5B4C-4D17-BC89-1CEF6B675896}.Release|x64.Build.0 = Release|Any CPU
		{F9094C68-5B4C-4D17-BC89-1CEF6B675896}.Release|x86.ActiveCfg = Release|Any CPU
		{F9094C68-5B4C-4D17-BC89-1CEF6B675896}.Release|x86.Build.0 = Release|Any CPU
		{642D5DE2-A4B3-4252-ADC6-EE54FC728083}.Debug|Any CPU.ActiveCfg = Debug|Any CPU
		{642D5DE2-A4B3-4252-ADC6-EE54FC728083}.Debug|Any CPU.Build.0 = Debug|Any CPU
		{642D5DE2-A4B3-4252-ADC6-EE54FC728083}.Debug|x64.ActiveCfg = Debug|Any CPU
		{642D5DE2-A4B3-4252-ADC6-EE54FC728083}.Debug|x64.Build.0 = Debug|Any CPU
		{642D5DE2-A4B3-4252-ADC6-EE54FC728083}.Debug|x86.ActiveCfg = Debug|Any CPU
		{642D5DE2-A4B3-4252-ADC6-EE54FC728083}.Debug|x86.Build.0 = Debug|Any CPU
		{642D5DE2-A4B3-4252-ADC6-EE54FC728083}.Release|Any CPU.ActiveCfg = Release|Any CPU
		{642D5DE2-A4B3-4252-ADC6-EE54FC728083}.Release|Any CPU.Build.0 = Release|Any CPU
		{642D5DE2-A4B3-4252-ADC6-EE54FC728083}.Release|x64.ActiveCfg = Release|Any CPU
		{642D5DE2-A4B3-4252-ADC6-EE54FC728083}.Release|x64.Build.0 = Release|Any CPU
		{642D5DE2-A4B3-4252-ADC6-EE54FC728083}.Release|x86.ActiveCfg = Release|Any CPU
		{642D5DE2-A4B3-4252-ADC6-EE54FC728083}.Release|x86.Build.0 = Release|Any CPU
		{3979C456-546A-4646-AD7C-6FACD4AA767B}.Debug|Any CPU.ActiveCfg = Debug|Any CPU
		{3979C456-546A-4646-AD7C-6FACD4AA767B}.Debug|Any CPU.Build.0 = Debug|Any CPU
		{3979C456-546A-4646-AD7C-6FACD4AA767B}.Debug|x64.ActiveCfg = Debug|Any CPU
		{3979C456-546A-4646-AD7C-6FACD4AA767B}.Debug|x64.Build.0 = Debug|Any CPU
		{3979C456-546A-4646-AD7C-6FACD4AA767B}.Debug|x86.ActiveCfg = Debug|Any CPU
		{3979C456-546A-4646-AD7C-6FACD4AA767B}.Debug|x86.Build.0 = Debug|Any CPU
		{3979C456-546A-4646-AD7C-6FACD4AA767B}.Release|Any CPU.ActiveCfg = Release|Any CPU
		{3979C456-546A-4646-AD7C-6FACD4AA767B}.Release|Any CPU.Build.0 = Release|Any CPU
		{3979C456-546A-4646-AD7C-6FACD4AA767B}.Release|x64.ActiveCfg = Release|Any CPU
		{3979C456-546A-4646-AD7C-6FACD4AA767B}.Release|x64.Build.0 = Release|Any CPU
		{3979C456-546A-4646-AD7C-6FACD4AA767B}.Release|x86.ActiveCfg = Release|Any CPU
		{3979C456-546A-4646-AD7C-6FACD4AA767B}.Release|x86.Build.0 = Release|Any CPU
		{6D32E3A4-AD10-4150-98FB-0D19A8EA7729}.Debug|Any CPU.ActiveCfg = Debug|Any CPU
		{6D32E3A4-AD10-4150-98FB-0D19A8EA7729}.Debug|Any CPU.Build.0 = Debug|Any CPU
		{6D32E3A4-AD10-4150-98FB-0D19A8EA7729}.Debug|x64.ActiveCfg = Debug|Any CPU
		{6D32E3A4-AD10-4150-98FB-0D19A8EA7729}.Debug|x64.Build.0 = Debug|Any CPU
		{6D32E3A4-AD10-4150-98FB-0D19A8EA7729}.Debug|x86.ActiveCfg = Debug|Any CPU
		{6D32E3A4-AD10-4150-98FB-0D19A8EA7729}.Debug|x86.Build.0 = Debug|Any CPU
		{6D32E3A4-AD10-4150-98FB-0D19A8EA7729}.Release|Any CPU.ActiveCfg = Release|Any CPU
		{6D32E3A4-AD10-4150-98FB-0D19A8EA7729}.Release|Any CPU.Build.0 = Release|Any CPU
		{6D32E3A4-AD10-4150-98FB-0D19A8EA7729}.Release|x64.ActiveCfg = Release|Any CPU
		{6D32E3A4-AD10-4150-98FB-0D19A8EA7729}.Release|x64.Build.0 = Release|Any CPU
		{6D32E3A4-AD10-4150-98FB-0D19A8EA7729}.Release|x86.ActiveCfg = Release|Any CPU
		{6D32E3A4-AD10-4150-98FB-0D19A8EA7729}.Release|x86.Build.0 = Release|Any CPU
		{0BBBFD50-DEEF-4857-A532-91F26A76E1A3}.Debug|Any CPU.ActiveCfg = Debug|Any CPU
		{0BBBFD50-DEEF-4857-A532-91F26A76E1A3}.Debug|Any CPU.Build.0 = Debug|Any CPU
		{0BBBFD50-DEEF-4857-A532-91F26A76E1A3}.Debug|x64.ActiveCfg = Debug|Any CPU
		{0BBBFD50-DEEF-4857-A532-91F26A76E1A3}.Debug|x64.Build.0 = Debug|Any CPU
		{0BBBFD50-DEEF-4857-A532-91F26A76E1A3}.Debug|x86.ActiveCfg = Debug|Any CPU
		{0BBBFD50-DEEF-4857-A532-91F26A76E1A3}.Debug|x86.Build.0 = Debug|Any CPU
		{0BBBFD50-DEEF-4857-A532-91F26A76E1A3}.Release|Any CPU.ActiveCfg = Release|Any CPU
		{0BBBFD50-DEEF-4857-A532-91F26A76E1A3}.Release|Any CPU.Build.0 = Release|Any CPU
		{0BBBFD50-DEEF-4857-A532-91F26A76E1A3}.Release|x64.ActiveCfg = Release|Any CPU
		{0BBBFD50-DEEF-4857-A532-91F26A76E1A3}.Release|x64.Build.0 = Release|Any CPU
		{0BBBFD50-DEEF-4857-A532-91F26A76E1A3}.Release|x86.ActiveCfg = Release|Any CPU
		{0BBBFD50-DEEF-4857-A532-91F26A76E1A3}.Release|x86.Build.0 = Release|Any CPU
		{2B517604-4DAF-43C6-99A5-FB0DA77B9C49}.Debug|Any CPU.ActiveCfg = Debug|Any CPU
		{2B517604-4DAF-43C6-99A5-FB0DA77B9C49}.Debug|Any CPU.Build.0 = Debug|Any CPU
		{2B517604-4DAF-43C6-99A5-FB0DA77B9C49}.Debug|x64.ActiveCfg = Debug|Any CPU
		{2B517604-4DAF-43C6-99A5-FB0DA77B9C49}.Debug|x64.Build.0 = Debug|Any CPU
		{2B517604-4DAF-43C6-99A5-FB0DA77B9C49}.Debug|x86.ActiveCfg = Debug|Any CPU
		{2B517604-4DAF-43C6-99A5-FB0DA77B9C49}.Debug|x86.Build.0 = Debug|Any CPU
		{2B517604-4DAF-43C6-99A5-FB0DA77B9C49}.Release|Any CPU.ActiveCfg = Release|Any CPU
		{2B517604-4DAF-43C6-99A5-FB0DA77B9C49}.Release|Any CPU.Build.0 = Release|Any CPU
		{2B517604-4DAF-43C6-99A5-FB0DA77B9C49}.Release|x64.ActiveCfg = Release|Any CPU
		{2B517604-4DAF-43C6-99A5-FB0DA77B9C49}.Release|x64.Build.0 = Release|Any CPU
		{2B517604-4DAF-43C6-99A5-FB0DA77B9C49}.Release|x86.ActiveCfg = Release|Any CPU
		{2B517604-4DAF-43C6-99A5-FB0DA77B9C49}.Release|x86.Build.0 = Release|Any CPU
		{484A2A96-A204-4909-9288-3EC8BEA92B35}.Debug|Any CPU.ActiveCfg = Debug|Any CPU
		{484A2A96-A204-4909-9288-3EC8BEA92B35}.Debug|Any CPU.Build.0 = Debug|Any CPU
		{484A2A96-A204-4909-9288-3EC8BEA92B35}.Debug|x64.ActiveCfg = Debug|Any CPU
		{484A2A96-A204-4909-9288-3EC8BEA92B35}.Debug|x64.Build.0 = Debug|Any CPU
		{484A2A96-A204-4909-9288-3EC8BEA92B35}.Debug|x86.ActiveCfg = Debug|Any CPU
		{484A2A96-A204-4909-9288-3EC8BEA92B35}.Debug|x86.Build.0 = Debug|Any CPU
		{484A2A96-A204-4909-9288-3EC8BEA92B35}.Release|Any CPU.ActiveCfg = Release|Any CPU
		{484A2A96-A204-4909-9288-3EC8BEA92B35}.Release|Any CPU.Build.0 = Release|Any CPU
		{484A2A96-A204-4909-9288-3EC8BEA92B35}.Release|x64.ActiveCfg = Release|Any CPU
		{484A2A96-A204-4909-9288-3EC8BEA92B35}.Release|x64.Build.0 = Release|Any CPU
		{484A2A96-A204-4909-9288-3EC8BEA92B35}.Release|x86.ActiveCfg = Release|Any CPU
		{484A2A96-A204-4909-9288-3EC8BEA92B35}.Release|x86.Build.0 = Release|Any CPU
		{E961888A-166F-F57B-0FF8-FC61949B3CFC}.Debug|Any CPU.ActiveCfg = Debug|Any CPU
		{E961888A-166F-F57B-0FF8-FC61949B3CFC}.Debug|Any CPU.Build.0 = Debug|Any CPU
		{E961888A-166F-F57B-0FF8-FC61949B3CFC}.Debug|x64.ActiveCfg = Debug|Any CPU
		{E961888A-166F-F57B-0FF8-FC61949B3CFC}.Debug|x64.Build.0 = Debug|Any CPU
		{E961888A-166F-F57B-0FF8-FC61949B3CFC}.Debug|x86.ActiveCfg = Debug|Any CPU
		{E961888A-166F-F57B-0FF8-FC61949B3CFC}.Debug|x86.Build.0 = Debug|Any CPU
		{E961888A-166F-F57B-0FF8-FC61949B3CFC}.Release|Any CPU.ActiveCfg = Release|Any CPU
		{E961888A-166F-F57B-0FF8-FC61949B3CFC}.Release|Any CPU.Build.0 = Release|Any CPU
		{E961888A-166F-F57B-0FF8-FC61949B3CFC}.Release|x64.ActiveCfg = Release|Any CPU
		{E961888A-166F-F57B-0FF8-FC61949B3CFC}.Release|x64.Build.0 = Release|Any CPU
		{E961888A-166F-F57B-0FF8-FC61949B3CFC}.Release|x86.ActiveCfg = Release|Any CPU
		{E961888A-166F-F57B-0FF8-FC61949B3CFC}.Release|x86.Build.0 = Release|Any CPU
		{B5CF93A0-4F0C-526F-7BEA-F0CDBCAC1294}.Debug|Any CPU.ActiveCfg = Debug|Any CPU
		{B5CF93A0-4F0C-526F-7BEA-F0CDBCAC1294}.Debug|Any CPU.Build.0 = Debug|Any CPU
		{B5CF93A0-4F0C-526F-7BEA-F0CDBCAC1294}.Debug|x64.ActiveCfg = Debug|Any CPU
		{B5CF93A0-4F0C-526F-7BEA-F0CDBCAC1294}.Debug|x64.Build.0 = Debug|Any CPU
		{B5CF93A0-4F0C-526F-7BEA-F0CDBCAC1294}.Debug|x86.ActiveCfg = Debug|Any CPU
		{B5CF93A0-4F0C-526F-7BEA-F0CDBCAC1294}.Debug|x86.Build.0 = Debug|Any CPU
		{B5CF93A0-4F0C-526F-7BEA-F0CDBCAC1294}.Release|Any CPU.ActiveCfg = Release|Any CPU
		{B5CF93A0-4F0C-526F-7BEA-F0CDBCAC1294}.Release|Any CPU.Build.0 = Release|Any CPU
		{B5CF93A0-4F0C-526F-7BEA-F0CDBCAC1294}.Release|x64.ActiveCfg = Release|Any CPU
		{B5CF93A0-4F0C-526F-7BEA-F0CDBCAC1294}.Release|x64.Build.0 = Release|Any CPU
		{B5CF93A0-4F0C-526F-7BEA-F0CDBCAC1294}.Release|x86.ActiveCfg = Release|Any CPU
		{B5CF93A0-4F0C-526F-7BEA-F0CDBCAC1294}.Release|x86.Build.0 = Release|Any CPU
		{94FEF6E4-4570-2B56-5C4C-E9B3F5C57C6E}.Debug|Any CPU.ActiveCfg = Debug|Any CPU
		{94FEF6E4-4570-2B56-5C4C-E9B3F5C57C6E}.Debug|Any CPU.Build.0 = Debug|Any CPU
		{94FEF6E4-4570-2B56-5C4C-E9B3F5C57C6E}.Debug|x64.ActiveCfg = Debug|Any CPU
		{94FEF6E4-4570-2B56-5C4C-E9B3F5C57C6E}.Debug|x64.Build.0 = Debug|Any CPU
		{94FEF6E4-4570-2B56-5C4C-E9B3F5C57C6E}.Debug|x86.ActiveCfg = Debug|Any CPU
		{94FEF6E4-4570-2B56-5C4C-E9B3F5C57C6E}.Debug|x86.Build.0 = Debug|Any CPU
		{94FEF6E4-4570-2B56-5C4C-E9B3F5C57C6E}.Release|Any CPU.ActiveCfg = Release|Any CPU
		{94FEF6E4-4570-2B56-5C4C-E9B3F5C57C6E}.Release|Any CPU.Build.0 = Release|Any CPU
		{94FEF6E4-4570-2B56-5C4C-E9B3F5C57C6E}.Release|x64.ActiveCfg = Release|Any CPU
		{94FEF6E4-4570-2B56-5C4C-E9B3F5C57C6E}.Release|x64.Build.0 = Release|Any CPU
		{94FEF6E4-4570-2B56-5C4C-E9B3F5C57C6E}.Release|x86.ActiveCfg = Release|Any CPU
		{94FEF6E4-4570-2B56-5C4C-E9B3F5C57C6E}.Release|x86.Build.0 = Release|Any CPU
		{FE3D4FDA-0109-4139-8B23-DEB058046A58}.Debug|Any CPU.ActiveCfg = Debug|Any CPU
		{FE3D4FDA-0109-4139-8B23-DEB058046A58}.Debug|Any CPU.Build.0 = Debug|Any CPU
		{FE3D4FDA-0109-4139-8B23-DEB058046A58}.Debug|x64.ActiveCfg = Debug|Any CPU
		{FE3D4FDA-0109-4139-8B23-DEB058046A58}.Debug|x64.Build.0 = Debug|Any CPU
		{FE3D4FDA-0109-4139-8B23-DEB058046A58}.Debug|x86.ActiveCfg = Debug|Any CPU
		{FE3D4FDA-0109-4139-8B23-DEB058046A58}.Debug|x86.Build.0 = Debug|Any CPU
		{FE3D4FDA-0109-4139-8B23-DEB058046A58}.Release|Any CPU.ActiveCfg = Release|Any CPU
		{FE3D4FDA-0109-4139-8B23-DEB058046A58}.Release|Any CPU.Build.0 = Release|Any CPU
		{FE3D4FDA-0109-4139-8B23-DEB058046A58}.Release|x64.ActiveCfg = Release|Any CPU
		{FE3D4FDA-0109-4139-8B23-DEB058046A58}.Release|x64.Build.0 = Release|Any CPU
		{FE3D4FDA-0109-4139-8B23-DEB058046A58}.Release|x86.ActiveCfg = Release|Any CPU
		{FE3D4FDA-0109-4139-8B23-DEB058046A58}.Release|x86.Build.0 = Release|Any CPU
		{217ABB9D-3CE7-44C1-ADDE-C6F30E8F0595}.Debug|Any CPU.ActiveCfg = Debug|Any CPU
		{217ABB9D-3CE7-44C1-ADDE-C6F30E8F0595}.Debug|Any CPU.Build.0 = Debug|Any CPU
		{217ABB9D-3CE7-44C1-ADDE-C6F30E8F0595}.Debug|x64.ActiveCfg = Debug|Any CPU
		{217ABB9D-3CE7-44C1-ADDE-C6F30E8F0595}.Debug|x64.Build.0 = Debug|Any CPU
		{217ABB9D-3CE7-44C1-ADDE-C6F30E8F0595}.Debug|x86.ActiveCfg = Debug|Any CPU
		{217ABB9D-3CE7-44C1-ADDE-C6F30E8F0595}.Debug|x86.Build.0 = Debug|Any CPU
		{217ABB9D-3CE7-44C1-ADDE-C6F30E8F0595}.Release|Any CPU.ActiveCfg = Release|Any CPU
		{217ABB9D-3CE7-44C1-ADDE-C6F30E8F0595}.Release|Any CPU.Build.0 = Release|Any CPU
		{217ABB9D-3CE7-44C1-ADDE-C6F30E8F0595}.Release|x64.ActiveCfg = Release|Any CPU
		{217ABB9D-3CE7-44C1-ADDE-C6F30E8F0595}.Release|x64.Build.0 = Release|Any CPU
		{217ABB9D-3CE7-44C1-ADDE-C6F30E8F0595}.Release|x86.ActiveCfg = Release|Any CPU
		{217ABB9D-3CE7-44C1-ADDE-C6F30E8F0595}.Release|x86.Build.0 = Release|Any CPU
		{C84FCF1B-AC19-41CF-92CA-C74F2481ED56}.Debug|Any CPU.ActiveCfg = Debug|Any CPU
		{C84FCF1B-AC19-41CF-92CA-C74F2481ED56}.Debug|Any CPU.Build.0 = Debug|Any CPU
		{C84FCF1B-AC19-41CF-92CA-C74F2481ED56}.Debug|x64.ActiveCfg = Debug|Any CPU
		{C84FCF1B-AC19-41CF-92CA-C74F2481ED56}.Debug|x64.Build.0 = Debug|Any CPU
		{C84FCF1B-AC19-41CF-92CA-C74F2481ED56}.Debug|x86.ActiveCfg = Debug|Any CPU
		{C84FCF1B-AC19-41CF-92CA-C74F2481ED56}.Debug|x86.Build.0 = Debug|Any CPU
		{C84FCF1B-AC19-41CF-92CA-C74F2481ED56}.Release|Any CPU.ActiveCfg = Release|Any CPU
		{C84FCF1B-AC19-41CF-92CA-C74F2481ED56}.Release|Any CPU.Build.0 = Release|Any CPU
		{C84FCF1B-AC19-41CF-92CA-C74F2481ED56}.Release|x64.ActiveCfg = Release|Any CPU
		{C84FCF1B-AC19-41CF-92CA-C74F2481ED56}.Release|x64.Build.0 = Release|Any CPU
		{C84FCF1B-AC19-41CF-92CA-C74F2481ED56}.Release|x86.ActiveCfg = Release|Any CPU
		{C84FCF1B-AC19-41CF-92CA-C74F2481ED56}.Release|x86.Build.0 = Release|Any CPU
		{75DED962-AD4B-4643-9CF0-07293C4E1B29}.Debug|Any CPU.ActiveCfg = Debug|Any CPU
		{75DED962-AD4B-4643-9CF0-07293C4E1B29}.Debug|Any CPU.Build.0 = Debug|Any CPU
		{75DED962-AD4B-4643-9CF0-07293C4E1B29}.Debug|x64.ActiveCfg = Debug|Any CPU
		{75DED962-AD4B-4643-9CF0-07293C4E1B29}.Debug|x64.Build.0 = Debug|Any CPU
		{75DED962-AD4B-4643-9CF0-07293C4E1B29}.Debug|x86.ActiveCfg = Debug|Any CPU
		{75DED962-AD4B-4643-9CF0-07293C4E1B29}.Debug|x86.Build.0 = Debug|Any CPU
		{75DED962-AD4B-4643-9CF0-07293C4E1B29}.Release|Any CPU.ActiveCfg = Release|Any CPU
		{75DED962-AD4B-4643-9CF0-07293C4E1B29}.Release|Any CPU.Build.0 = Release|Any CPU
		{75DED962-AD4B-4643-9CF0-07293C4E1B29}.Release|x64.ActiveCfg = Release|Any CPU
		{75DED962-AD4B-4643-9CF0-07293C4E1B29}.Release|x64.Build.0 = Release|Any CPU
		{75DED962-AD4B-4643-9CF0-07293C4E1B29}.Release|x86.ActiveCfg = Release|Any CPU
		{75DED962-AD4B-4643-9CF0-07293C4E1B29}.Release|x86.Build.0 = Release|Any CPU
	EndGlobalSection
	GlobalSection(SolutionProperties) = preSolution
		HideSolutionNode = FALSE
	EndGlobalSection
	GlobalSection(NestedProjects) = preSolution
		{7944AF15-F771-4C76-96A8-F15322D5B75A} = {CA4ABCF3-87BF-454A-A332-8D5FA1DC51E7}
		{F9094C68-5B4C-4D17-BC89-1CEF6B675896} = {16CE5F27-2D9F-4714-A727-B05622C9C5B4}
		{642D5DE2-A4B3-4252-ADC6-EE54FC728083} = {16CE5F27-2D9F-4714-A727-B05622C9C5B4}
		{3979C456-546A-4646-AD7C-6FACD4AA767B} = {02EA681E-C7D8-13C7-8484-4AC65E1B71E8}
		{6D32E3A4-AD10-4150-98FB-0D19A8EA7729} = {CA4ABCF3-87BF-454A-A332-8D5FA1DC51E7}
		{0BBBFD50-DEEF-4857-A532-91F26A76E1A3} = {02EA681E-C7D8-13C7-8484-4AC65E1B71E8}
		{2B517604-4DAF-43C6-99A5-FB0DA77B9C49} = {02EA681E-C7D8-13C7-8484-4AC65E1B71E8}
		{484A2A96-A204-4909-9288-3EC8BEA92B35} = {F34BD506-FBE5-44AE-96F5-2A97537423CB}
		{E961888A-166F-F57B-0FF8-FC61949B3CFC} = {2E1945CA-C43A-471E-9DDC-C9DDF15B450D}
		{B5CF93A0-4F0C-526F-7BEA-F0CDBCAC1294} = {11E75F6D-8FD0-4B8F-8E28-724B99373617}
		{FE3D4FDA-0109-4139-8B23-DEB058046A58} = {F34BD506-FBE5-44AE-96F5-2A97537423CB}
		{217ABB9D-3CE7-44C1-ADDE-C6F30E8F0595} = {F34BD506-FBE5-44AE-96F5-2A97537423CB}
		{C84FCF1B-AC19-41CF-92CA-C74F2481ED56} = {F34BD506-FBE5-44AE-96F5-2A97537423CB}
		{75DED962-AD4B-4643-9CF0-07293C4E1B29} = {F34BD506-FBE5-44AE-96F5-2A97537423CB}
		{D74E9147-D3AB-1CEB-0D1C-A189A8C0BB0C} = {16CE5F27-2D9F-4714-A727-B05622C9C5B4}
	EndGlobalSection
	GlobalSection(ExtensibilityGlobals) = postSolution
		SolutionGuid = {5858EA68-EEE3-4441-9269-51DEEFFFCA05}
	EndGlobalSection
EndGlobal
